[[package]]
category = "main"
description = "Python package for providing Mozilla's CA Bundle."
name = "certifi"
optional = false
python-versions = "*"
version = "2020.12.5"

[[package]]
category = "main"
description = "Universal encoding detector for Python 2 and 3"
name = "chardet"
optional = false
python-versions = ">=2.7, !=3.0.*, !=3.1.*, !=3.2.*, !=3.3.*, !=3.4.*"
version = "4.0.0"

[[package]]
category = "main"
description = "Internationalized Domain Names in Applications (IDNA)"
name = "idna"
optional = false
python-versions = ">=2.7, !=3.0.*, !=3.1.*, !=3.2.*, !=3.3.*"
version = "2.10"

[[package]]
category = "main"
description = "A very fast and expressive template engine."
name = "jinja2"
optional = false
python-versions = ">=3.6"
version = "3.0.0"

[package.dependencies]
MarkupSafe = ">=2.0.0rc2"

[package.extras]
i18n = ["Babel (>=2.7)"]

[[package]]
category = "main"
description = "Sass for Python: A straightforward binding of libsass for Python."
name = "libsass"
optional = false
python-versions = "*"
version = "0.20.1"

[package.dependencies]
six = "*"

[[package]]
category = "main"
description = "Safely add untrusted strings to HTML/XML markup."
name = "markupsafe"
optional = false
python-versions = ">=3.6"
version = "2.0.0"

[[package]]
category = "main"
description = "Python HTTP for Humans."
name = "requests"
optional = false
python-versions = ">=2.7, !=3.0.*, !=3.1.*, !=3.2.*, !=3.3.*, !=3.4.*"
version = "2.25.1"

[package.dependencies]
certifi = ">=2017.4.17"
chardet = ">=3.0.2,<5"
idna = ">=2.5,<3"
urllib3 = ">=1.21.1,<1.27"

[package.extras]
security = ["pyOpenSSL (>=0.14)", "cryptography (>=1.3.4)"]
socks = ["PySocks (>=1.5.6,<1.5.7 || >1.5.7)", "win-inet-pton"]

[[package]]
category = "main"
description = "Python 2 and 3 compatibility utilities"
name = "six"
optional = false
python-versions = ">=2.7, !=3.0.*, !=3.1.*, !=3.2.*"
version = "1.16.0"

[[package]]
category = "main"
description = "HTTP library with thread-safe connection pooling, file post, and more."
name = "urllib3"
optional = false
python-versions = ">=2.7, !=3.0.*, !=3.1.*, !=3.2.*, !=3.3.*, !=3.4.*, <4"
version = "1.26.4"

[package.extras]
brotli = ["brotlipy (>=0.6.0)"]
secure = ["pyOpenSSL (>=0.14)", "cryptography (>=1.3.4)", "idna (>=2.0.0)", "certifi", "ipaddress"]
socks = ["PySocks (>=1.5.6,<1.5.7 || >1.5.7,<2.0)"]

[metadata]
content-hash = "5623af45a3d15ca116300728a532d6a6346661d6c9ba7778b6c4aa3149f80a3d"
python-versions = "^3.8"

[metadata.files]
certifi = [
    {file = "certifi-2020.12.5-py2.py3-none-any.whl", hash = "sha256:719a74fb9e33b9bd44cc7f3a8d94bc35e4049deebe19ba7d8e108280cfd59830"},
    {file = "certifi-2020.12.5.tar.gz", hash = "sha256:1a4995114262bffbc2413b159f2a1a480c969de6e6eb13ee966d470af86af59c"},
]
chardet = [
    {file = "chardet-4.0.0-py2.py3-none-any.whl", hash = "sha256:f864054d66fd9118f2e67044ac8981a54775ec5b67aed0441892edb553d21da5"},
    {file = "chardet-4.0.0.tar.gz", hash = "sha256:0d6f53a15db4120f2b08c94f11e7d93d2c911ee118b6b30a04ec3ee8310179fa"},
]
idna = [
    {file = "idna-2.10-py2.py3-none-any.whl", hash = "sha256:b97d804b1e9b523befed77c48dacec60e6dcb0b5391d57af6a65a312a90648c0"},
    {file = "idna-2.10.tar.gz", hash = "sha256:b307872f855b18632ce0c21c5e45be78c0ea7ae4c15c828c20788b26921eb3f6"},
]
jinja2 = [
    {file = "Jinja2-3.0.0-py3-none-any.whl", hash = "sha256:2f2de5285cf37f33d33ecd4a9080b75c87cd0c1994d5a9c6df17131ea1f049c6"},
    {file = "Jinja2-3.0.0.tar.gz", hash = "sha256:ea8d7dd814ce9df6de6a761ec7f1cac98afe305b8cdc4aaae4e114b8d8ce24c5"},
]
libsass = [
    {file = "libsass-0.20.1-cp27-cp27m-macosx_10_14_x86_64.whl", hash = "sha256:4a246e4b88fd279abef8b669206228c92534d96ddcd0770d7012088c408dff23"},
    {file = "libsass-0.20.1-cp27-cp27m-win32.whl", hash = "sha256:697f0f9fa8a1367ca9ec6869437cb235b1c537fc8519983d1d890178614a8903"},
    {file = "libsass-0.20.1-cp27-cp27m-win_amd64.whl", hash = "sha256:1b2d415bbf6fa7da33ef46e549db1418498267b459978eff8357e5e823962d35"},
    {file = "libsass-0.20.1-cp27-cp27mu-manylinux1_x86_64.whl", hash = "sha256:1521d2a8d4b397c6ec90640a1f6b5529077035efc48ef1c2e53095544e713d1b"},
    {file = "libsass-0.20.1-cp36-abi3-macosx_10_14_x86_64.whl", hash = "sha256:2ae806427b28bc1bb7cb0258666d854fcf92ba52a04656b0b17ba5e190fb48a9"},
    {file = "libsass-0.20.1-cp36-abi3-manylinux1_x86_64.whl", hash = "sha256:25ebc2085f5eee574761ccc8d9cd29a9b436fc970546d5ef08c6fa41eb57dff1"},
    {file = "libsass-0.20.1-cp36-cp36m-win32.whl", hash = "sha256:553e5096414a8d4fb48d0a48f5a038d3411abe254d79deac5e008516c019e63a"},
    {file = "libsass-0.20.1-cp36-cp36m-win_amd64.whl", hash = "sha256:e64ae2587f1a683e831409aad03ba547c245ef997e1329fffadf7a866d2510b8"},
    {file = "libsass-0.20.1-cp37-cp37m-win32.whl", hash = "sha256:c9411fec76f480ffbacc97d8188322e02a5abca6fc78e70b86a2a2b421eae8a2"},
    {file = "libsass-0.20.1-cp37-cp37m-win_amd64.whl", hash = "sha256:a8fd4af9f853e8bf42b1425c5e48dd90b504fa2e70d7dac5ac80b8c0a5a5fe85"},
    {file = "libsass-0.20.1-cp38-cp38-win32.whl", hash = "sha256:f6852828e9e104d2ce0358b73c550d26dd86cc3a69439438c3b618811b9584f5"},
    {file = "libsass-0.20.1-cp38-cp38-win_amd64.whl", hash = "sha256:daa98a51086d92aa7e9c8871cf1a8258124b90e2abf4697852a3dca619838618"},
    {file = "libsass-0.20.1.tar.gz", hash = "sha256:e0e60836eccbf2d9e24ec978a805cd6642fa92515fbd95e3493fee276af76f8a"},
]
markupsafe = [
    {file = "MarkupSafe-2.0.0-cp36-cp36m-macosx_10_9_x86_64.whl", hash = "sha256:2efaeb1baff547063bad2b2893a8f5e9c459c4624e1a96644bbba08910ae34e0"},
    {file = "MarkupSafe-2.0.0-cp36-cp36m-manylinux1_i686.whl", hash = "sha256:441ce2a8c17683d97e06447fcbccbdb057cbf587c78eb75ae43ea7858042fe2c"},
    {file = "MarkupSafe-2.0.0-cp36-cp36m-manylinux1_x86_64.whl", hash = "sha256:45535241baa0fc0ba2a43961a1ac7562ca3257f46c4c3e9c0de38b722be41bd1"},
    {file = "MarkupSafe-2.0.0-cp36-cp36m-manylinux2010_i686.whl", hash = "sha256:90053234a6479738fd40d155268af631c7fca33365f964f2208867da1349294b"},
    {file = "MarkupSafe-2.0.0-cp36-cp36m-manylinux2010_x86_64.whl", hash = "sha256:3b54a9c68995ef4164567e2cd1a5e16db5dac30b2a50c39c82db8d4afaf14f63"},
    {file = "MarkupSafe-2.0.0-cp36-cp36m-manylinux2014_aarch64.whl", hash = "sha256:f58b5ba13a5689ca8317b98439fccfbcc673acaaf8241c1869ceea40f5d585bf"},
    {file = "MarkupSafe-2.0.0-cp36-cp36m-win32.whl", hash = "sha256:a00dce2d96587651ef4fa192c17e039e8cfab63087c67e7d263a5533c7dad715"},
    {file = "MarkupSafe-2.0.0-cp36-cp36m-win_amd64.whl", hash = "sha256:007dc055dbce5b1104876acee177dbfd18757e19d562cd440182e1f492e96b95"},
    {file = "MarkupSafe-2.0.0-cp37-cp37m-macosx_10_9_x86_64.whl", hash = "sha256:a08cd07d3c3c17cd33d9e66ea9dee8f8fc1c48e2d11bd88fd2dc515a602c709b"},
    {file = "MarkupSafe-2.0.0-cp37-cp37m-manylinux1_i686.whl", hash = "sha256:3c352ff634e289061711608f5e474ec38dbaa21e3e168820d53d5f4015e5b91b"},
    {file = "MarkupSafe-2.0.0-cp37-cp37m-manylinux1_x86_64.whl", hash = "sha256:32200f562daaab472921a11cbb63780f1654552ae49518196fc361ed8e12e901"},
    {file = "MarkupSafe-2.0.0-cp37-cp37m-manylinux2010_i686.whl", hash = "sha256:fef86115fdad7ae774720d7103aa776144cf9b66673b4afa9bcaa7af990ed07b"},
    {file = "MarkupSafe-2.0.0-cp37-cp37m-manylinux2010_x86_64.whl", hash = "sha256:e79212d09fc0e224d20b43ad44bb0a0a3416d1e04cf6b45fed265114a5d43d20"},
    {file = "MarkupSafe-2.0.0-cp37-cp37m-manylinux2014_aarch64.whl", hash = "sha256:79b2ae94fa991be023832e6bcc00f41dbc8e5fe9d997a02db965831402551730"},
    {file = "MarkupSafe-2.0.0-cp37-cp37m-win32.whl", hash = "sha256:3261fae28155e5c8634dd7710635fe540a05b58f160cef7713c7700cb9980e66"},
    {file = "MarkupSafe-2.0.0-cp37-cp37m-win_amd64.whl", hash = "sha256:e4570d16f88c7f3032ed909dc9e905a17da14a1c4cfd92608e3fda4cb1208bbd"},
    {file = "MarkupSafe-2.0.0-cp38-cp38-macosx_10_9_x86_64.whl", hash = "sha256:8f806bfd0f218477d7c46a11d3e52dc7f5fdfaa981b18202b7dc84bbc287463b"},
    {file = "MarkupSafe-2.0.0-cp38-cp38-manylinux1_i686.whl", hash = "sha256:e77e4b983e2441aff0c0d07ee711110c106b625f440292dfe02a2f60c8218bd6"},
    {file = "MarkupSafe-2.0.0-cp38-cp38-manylinux1_x86_64.whl", hash = "sha256:031bf79a27d1c42f69c276d6221172417b47cb4b31cdc73d362a9bf5a1889b9f"},
    {file = "MarkupSafe-2.0.0-cp38-cp38-manylinux2010_i686.whl", hash = "sha256:83cf0228b2f694dcdba1374d5312f2277269d798e65f40344964f642935feac1"},
    {file = "MarkupSafe-2.0.0-cp38-cp38-manylinux2010_x86_64.whl", hash = "sha256:4cc563836f13c57f1473bc02d1e01fc37bab70ad4ee6be297d58c1d66bc819bf"},
    {file = "MarkupSafe-2.0.0-cp38-cp38-manylinux2014_aarch64.whl", hash = "sha256:d00a669e4a5bec3ee6dbeeeedd82a405ced19f8aeefb109a012ea88a45afff96"},
    {file = "MarkupSafe-2.0.0-cp38-cp38-win32.whl", hash = "sha256:161d575fa49395860b75da5135162481768b11208490d5a2143ae6785123e77d"},
    {file = "MarkupSafe-2.0.0-cp38-cp38-win_amd64.whl", hash = "sha256:58bc9fce3e1557d463ef5cee05391a05745fd95ed660f23c1742c711712c0abb"},
    {file = "MarkupSafe-2.0.0-cp39-cp39-macosx_10_9_universal2.whl", hash = "sha256:3fb47f97f1d338b943126e90b79cad50d4fcfa0b80637b5a9f468941dbbd9ce5"},
    {file = "MarkupSafe-2.0.0-cp39-cp39-macosx_10_9_x86_64.whl", hash = "sha256:dab0c685f21f4a6c95bfc2afd1e7eae0033b403dd3d8c1b6d13a652ada75b348"},
    {file = "MarkupSafe-2.0.0-cp39-cp39-manylinux1_i686.whl", hash = "sha256:664832fb88b8162268928df233f4b12a144a0c78b01d38b81bdcf0fc96668ecb"},
    {file = "MarkupSafe-2.0.0-cp39-cp39-manylinux1_x86_64.whl", hash = "sha256:df561f65049ed3556e5b52541669310e88713fdae2934845ec3606f283337958"},
    {file = "MarkupSafe-2.0.0-cp39-cp39-manylinux2010_i686.whl", hash = "sha256:24bbc3507fb6dfff663af7900a631f2aca90d5a445f272db5fc84999fa5718bc"},
    {file = "MarkupSafe-2.0.0-cp39-cp39-manylinux2010_x86_64.whl", hash = "sha256:87de598edfa2230ff274c4de7fcf24c73ffd96208c8e1912d5d0fee459767d75"},
    {file = "MarkupSafe-2.0.0-cp39-cp39-manylinux2014_aarch64.whl", hash = "sha256:a19d39b02a24d3082856a5b06490b714a9d4179321225bbf22809ff1e1887cc8"},
    {file = "MarkupSafe-2.0.0-cp39-cp39-win32.whl", hash = "sha256:4aca81a687975b35e3e80bcf9aa93fe10cd57fac37bf18b2314c186095f57e05"},
    {file = "MarkupSafe-2.0.0-cp39-cp39-win_amd64.whl", hash = "sha256:70820a1c96311e02449591cbdf5cd1c6a34d5194d5b55094ab725364375c9eb2"},
    {file = "MarkupSafe-2.0.0.tar.gz", hash = "sha256:4fae0677f712ee090721d8b17f412f1cbceefbf0dc180fe91bab3232f38b4527"},
]
requests = [
    {file = "requests-2.25.1-py2.py3-none-any.whl", hash = "sha256:c210084e36a42ae6b9219e00e48287def368a26d03a048ddad7bfee44f75871e"},
    {file = "requests-2.25.1.tar.gz", hash = "sha256:27973dd4a904a4f13b263a19c866c13b92a39ed1c964655f025f3f8d3d75b804"},
]
six = [
    {file = "six-1.16.0-py2.py3-none-any.whl", hash = "sha256:8abb2f1d86890a2dfb989f9a77cfcfd3e47c2a354b01111771326f8aa26e0254"},
    {file = "six-1.16.0.tar.gz", hash = "sha256:1e61c37477a1626458e36f7b1d82aa5c9b094fa4802892072e49de9c60c4c926"},
]
urllib3 = [
    {file = "urllib3-1.26.4-py2.py3-none-any.whl", hash = "sha256:2f4da4594db7e1e110a944bb1b551fdf4e6c136ad42e4234131391e21eb5b0df"},
    {file = "urllib3-1.26.4.tar.gz", hash = "sha256:e7b021f7241115872f92f43c6508082facffbd1c048e3c6e2bb9c2a157e28937"},
]
